// !$*UTF8*$!
{
	archiveVersion = 1;
	classes = {
	};
	objectVersion = 50;
	objects = {

/* Begin PBXBuildFile section */
		CE37AEEE226639BC00F411B8 /* AppDelegate.swift in Sources */ = {isa = PBXBuildFile; fileRef = CE37AEED226639BC00F411B8 /* AppDelegate.swift */; };
		CE37AEF0226639BC00F411B8 /* IntroductionViewController.swift in Sources */ = {isa = PBXBuildFile; fileRef = CE37AEEF226639BC00F411B8 /* IntroductionViewController.swift */; };
		CE37AEF3226639BC00F411B8 /* Main.storyboard in Resources */ = {isa = PBXBuildFile; fileRef = CE37AEF1226639BC00F411B8 /* Main.storyboard */; };
		CE37AEF5226639BD00F411B8 /* Assets.xcassets in Resources */ = {isa = PBXBuildFile; fileRef = CE37AEF4226639BD00F411B8 /* Assets.xcassets */; };
		CE37AEF8226639BD00F411B8 /* LaunchScreen.storyboard in Resources */ = {isa = PBXBuildFile; fileRef = CE37AEF6226639BD00F411B8 /* LaunchScreen.storyboard */; };
		CE37AF03226639BD00F411B8 /* PersonalityQuizTests.swift in Sources */ = {isa = PBXBuildFile; fileRef = CE37AF02226639BD00F411B8 /* PersonalityQuizTests.swift */; };
		CE37AF0E226639BD00F411B8 /* PersonalityQuizUITests.swift in Sources */ = {isa = PBXBuildFile; fileRef = CE37AF0D226639BD00F411B8 /* PersonalityQuizUITests.swift */; };
		CEECFCFC2268FC930090506E /* QuestionViewController.swift in Sources */ = {isa = PBXBuildFile; fileRef = CEECFCFB2268FC930090506E /* QuestionViewController.swift */; };
		CEECFCFE2268FD650090506E /* ResultsViewController.swift in Sources */ = {isa = PBXBuildFile; fileRef = CEECFCFD2268FD650090506E /* ResultsViewController.swift */; };
/* End PBXBuildFile section */

/* Begin PBXContainerItemProxy section */
		CE37AEFF226639BD00F411B8 /* PBXContainerItemProxy */ = {
			isa = PBXContainerItemProxy;
			containerPortal = CE37AEE2226639BC00F411B8 /* Project object */;
			proxyType = 1;
			remoteGlobalIDString = CE37AEE9226639BC00F411B8;
			remoteInfo = PersonalityQuiz;
		};
		CE37AF0A226639BD00F411B8 /* PBXContainerItemProxy */ = {
			isa = PBXContainerItemProxy;
			containerPortal = CE37AEE2226639BC00F411B8 /* Project object */;
			proxyType = 1;
			remoteGlobalIDString = CE37AEE9226639BC00F411B8;
			remoteInfo = PersonalityQuiz;
		};
/* End PBXContainerItemProxy section */

/* Begin PBXFileReference section */
		CE37AEEA226639BC00F411B8 /* PersonalityQuiz.app */ = {isa = PBXFileReference; explicitFileType = wrapper.application; includeInIndex = 0; path = PersonalityQuiz.app; sourceTree = BUILT_PRODUCTS_DIR; };
		CE37AEED226639BC00F411B8 /* AppDelegate.swift */ = {isa = PBXFileReference; lastKnownFileType = sourcecode.swift; path = AppDelegate.swift; sourceTree = "<group>"; };
		CE37AEEF226639BC00F411B8 /* IntroductionViewController.swift */ = {isa = PBXFileReference; lastKnownFileType = sourcecode.swift; path = IntroductionViewController.swift; sourceTree = "<group>"; };
		CE37AEF2226639BC00F411B8 /* Base */ = {isa = PBXFileReference; lastKnownFileType = file.storyboard; name = Base; path = Base.lproj/Main.storyboard; sourceTree = "<group>"; };
		CE37AEF4226639BD00F411B8 /* Assets.xcassets */ = {isa = PBXFileReference; lastKnownFileType = folder.assetcatalog; path = Assets.xcassets; sourceTree = "<group>"; };
		CE37AEF7226639BD00F411B8 /* Base */ = {isa = PBXFileReference; lastKnownFileType = file.storyboard; name = Base; path = Base.lproj/LaunchScreen.storyboard; sourceTree = "<group>"; };
		CE37AEF9226639BD00F411B8 /* Info.plist */ = {isa = PBXFileReference; lastKnownFileType = text.plist.xml; path = Info.plist; sourceTree = "<group>"; };
		CE37AEFE226639BD00F411B8 /* PersonalityQuizTests.xctest */ = {isa = PBXFileReference; explicitFileType = wrapper.cfbundle; includeInIndex = 0; path = PersonalityQuizTests.xctest; sourceTree = BUILT_PRODUCTS_DIR; };
		CE37AF02226639BD00F411B8 /* PersonalityQuizTests.swift */ = {isa = PBXFileReference; lastKnownFileType = sourcecode.swift; path = PersonalityQuizTests.swift; sourceTree = "<group>"; };
		CE37AF04226639BD00F411B8 /* Info.plist */ = {isa = PBXFileReference; lastKnownFileType = text.plist.xml; path = Info.plist; sourceTree = "<group>"; };
		CE37AF09226639BD00F411B8 /* PersonalityQuizUITests.xctest */ = {isa = PBXFileReference; explicitFileType = wrapper.cfbundle; includeInIndex = 0; path = PersonalityQuizUITests.xctest; sourceTree = BUILT_PRODUCTS_DIR; };
		CE37AF0D226639BD00F411B8 /* PersonalityQuizUITests.swift */ = {isa = PBXFileReference; lastKnownFileType = sourcecode.swift; path = PersonalityQuizUITests.swift; sourceTree = "<group>"; };
		CE37AF0F226639BD00F411B8 /* Info.plist */ = {isa = PBXFileReference; lastKnownFileType = text.plist.xml; path = Info.plist; sourceTree = "<group>"; };
		CEECFCFB2268FC930090506E /* QuestionViewController.swift */ = {isa = PBXFileReference; lastKnownFileType = sourcecode.swift; path = QuestionViewController.swift; sourceTree = "<group>"; };
		CEECFCFD2268FD650090506E /* ResultsViewController.swift */ = {isa = PBXFileReference; lastKnownFileType = sourcecode.swift; path = ResultsViewController.swift; sourceTree = "<group>"; };
/* End PBXFileReference section */

/* Begin PBXFrameworksBuildPhase section */
		CE37AEE7226639BC00F411B8 /* Frameworks */ = {
			isa = PBXFrameworksBuildPhase;
			buildActionMask = 2147483647;
			files = (
			);
			runOnlyForDeploymentPostprocessing = 0;
		};
		CE37AEFB226639BD00F411B8 /* Frameworks */ = {
			isa = PBXFrameworksBuildPhase;
			buildActionMask = 2147483647;
			files = (
			);
			runOnlyForDeploymentPostprocessing = 0;
		};
		CE37AF06226639BD00F411B8 /* Frameworks */ = {
			isa = PBXFrameworksBuildPhase;
			buildActionMask = 2147483647;
			files = (
			);
			runOnlyForDeploymentPostprocessing = 0;
		};
/* End PBXFrameworksBuildPhase section */

/* Begin PBXGroup section */
		CE37AEE1226639BC00F411B8 = {
			isa = PBXGroup;
			children = (
				CE37AEEC226639BC00F411B8 /* PersonalityQuiz */,
				CE37AF01226639BD00F411B8 /* PersonalityQuizTests */,
				CE37AF0C226639BD00F411B8 /* PersonalityQuizUITests */,
				CE37AEEB226639BC00F411B8 /* Products */,
			);
			sourceTree = "<group>";
		};
		CE37AEEB226639BC00F411B8 /* Products */ = {
			isa = PBXGroup;
			children = (
				CE37AEEA226639BC00F411B8 /* PersonalityQuiz.app */,
				CE37AEFE226639BD00F411B8 /* PersonalityQuizTests.xctest */,
				CE37AF09226639BD00F411B8 /* PersonalityQuizUITests.xctest */,
			);
			name = Products;
			sourceTree = "<group>";
		};
		CE37AEEC226639BC00F411B8 /* PersonalityQuiz */ = {
			isa = PBXGroup;
			children = (
				CE37AEEF226639BC00F411B8 /* IntroductionViewController.swift */,
				CEECFCFB2268FC930090506E /* QuestionViewController.swift */,
				CEECFCFD2268FD650090506E /* ResultsViewController.swift */,
				CE37AEED226639BC00F411B8 /* AppDelegate.swift */,
				CE37AEF1226639BC00F411B8 /* Main.storyboard */,
				CE37AEF4226639BD00F411B8 /* Assets.xcassets */,
				CE37AEF6226639BD00F411B8 /* LaunchScreen.storyboard */,
				CE37AEF9226639BD00F411B8 /* Info.plist */,
			);
			path = PersonalityQuiz;
			sourceTree = "<group>";
		};
		CE37AF01226639BD00F411B8 /* PersonalityQuizTests */ = {
			isa = PBXGroup;
			children = (
				CE37AF02226639BD00F411B8 /* PersonalityQuizTests.swift */,
				CE37AF04226639BD00F411B8 /* Info.plist */,
			);
			path = PersonalityQuizTests;
			sourceTree = "<group>";
		};
		CE37AF0C226639BD00F411B8 /* PersonalityQuizUITests */ = {
			isa = PBXGroup;
			children = (
				CE37AF0D226639BD00F411B8 /* PersonalityQuizUITests.swift */,
				CE37AF0F226639BD00F411B8 /* Info.plist */,
			);
			path = PersonalityQuizUITests;
			sourceTree = "<group>";
		};
/* End PBXGroup section */

/* Begin PBXNativeTarget section */
		CE37AEE9226639BC00F411B8 /* PersonalityQuiz */ = {
			isa = PBXNativeTarget;
			buildConfigurationList = CE37AF12226639BD00F411B8 /* Build configuration list for PBXNativeTarget "PersonalityQuiz" */;
			buildPhases = (
				CE37AEE6226639BC00F411B8 /* Sources */,
				CE37AEE7226639BC00F411B8 /* Frameworks */,
				CE37AEE8226639BC00F411B8 /* Resources */,
			);
			buildRules = (
			);
			dependencies = (
			);
			name = PersonalityQuiz;
			productName = PersonalityQuiz;
			productReference = CE37AEEA226639BC00F411B8 /* PersonalityQuiz.app */;
			productType = "com.apple.product-type.application";
		};
		CE37AEFD226639BD00F411B8 /* PersonalityQuizTests */ = {
			isa = PBXNativeTarget;
			buildConfigurationList = CE37AF15226639BD00F411B8 /* Build configuration list for PBXNativeTarget "PersonalityQuizTests" */;
			buildPhases = (
				CE37AEFA226639BD00F411B8 /* Sources */,
				CE37AEFB226639BD00F411B8 /* Frameworks */,
				CE37AEFC226639BD00F411B8 /* Resources */,
			);
			buildRules = (
			);
			dependencies = (
				CE37AF00226639BD00F411B8 /* PBXTargetDependency */,
			);
			name = PersonalityQuizTests;
			productName = PersonalityQuizTests;
			productReference = CE37AEFE226639BD00F411B8 /* PersonalityQuizTests.xctest */;
			productType = "com.apple.product-type.bundle.unit-test";
		};
		CE37AF08226639BD00F411B8 /* PersonalityQuizUITests */ = {
			isa = PBXNativeTarget;
			buildConfigurationList = CE37AF18226639BD00F411B8 /* Build configuration list for PBXNativeTarget "PersonalityQuizUITests" */;
			buildPhases = (
				CE37AF05226639BD00F411B8 /* Sources */,
				CE37AF06226639BD00F411B8 /* Frameworks */,
				CE37AF07226639BD00F411B8 /* Resources */,
			);
			buildRules = (
			);
			dependencies = (
				CE37AF0B226639BD00F411B8 /* PBXTargetDependency */,
			);
			name = PersonalityQuizUITests;
			productName = PersonalityQuizUITests;
			productReference = CE37AF09226639BD00F411B8 /* PersonalityQuizUITests.xctest */;
			productType = "com.apple.product-type.bundle.ui-testing";
		};
/* End PBXNativeTarget section */

/* Begin PBXProject section */
		CE37AEE2226639BC00F411B8 /* Project object */ = {
			isa = PBXProject;
			attributes = {
				LastSwiftUpdateCheck = 1010;
				LastUpgradeCheck = 1010;
				ORGANIZATIONNAME = "Min Woo";
				TargetAttributes = {
					CE37AEE9226639BC00F411B8 = {
						CreatedOnToolsVersion = 10.1;
					};
					CE37AEFD226639BD00F411B8 = {
						CreatedOnToolsVersion = 10.1;
						TestTargetID = CE37AEE9226639BC00F411B8;
					};
					CE37AF08226639BD00F411B8 = {
						CreatedOnToolsVersion = 10.1;
						TestTargetID = CE37AEE9226639BC00F411B8;
					};
				};
			};
			buildConfigurationList = CE37AEE5226639BC00F411B8 /* Build configuration list for PBXProject "PersonalityQuiz" */;
			compatibilityVersion = "Xcode 9.3";
			developmentRegion = en;
			hasScannedForEncodings = 0;
			knownRegions = (
				en,
				Base,
			);
			mainGroup = CE37AEE1226639BC00F411B8;
			productRefGroup = CE37AEEB226639BC00F411B8 /* Products */;
			projectDirPath = "";
			projectRoot = "";
			targets = (
				CE37AEE9226639BC00F411B8 /* PersonalityQuiz */,
				CE37AEFD226639BD00F411B8 /* PersonalityQuizTests */,
				CE37AF08226639BD00F411B8 /* PersonalityQuizUITests */,
			);
		};
/* End PBXProject section */

/* Begin PBXResourcesBuildPhase section */
		CE37AEE8226639BC00F411B8 /* Resources */ = {
			isa = PBXResourcesBuildPhase;
			buildActionMask = 2147483647;
			files = (
				CE37AEF8226639BD00F411B8 /* LaunchScreen.storyboard in Resources */,
				CE37AEF5226639BD00F411B8 /* Assets.xcassets in Resources */,
				CE37AEF3226639BC00F411B8 /* Main.storyboard in Resources */,
			);
			runOnlyForDeploymentPostprocessing = 0;
		};
		CE37AEFC226639BD00F411B8 /* Resources */ = {
			isa = PBXResourcesBuildPhase;
			buildActionMask = 2147483647;
			files = (
			);
			runOnlyForDeploymentPostprocessing = 0;
		};
		CE37AF07226639BD00F411B8 /* Resources */ = {
			isa = PBXResourcesBuildPhase;
			buildActionMask = 2147483647;
			files = (
			);
			runOnlyForDeploymentPostprocessing = 0;
		};
/* End PBXResourcesBuildPhase section */

/* Begin PBXSourcesBuildPhase section */
		CE37AEE6226639BC00F411B8 /* Sources */ = {
			isa = PBXSourcesBuildPhase;
			buildActionMask = 2147483647;
			files = (
				CE37AEF0226639BC00F411B8 /* IntroductionViewController.swift in Sources */,
				CE37AEEE226639BC00F411B8 /* AppDelegate.swift in Sources */,
				CEECFCFC2268FC930090506E /* QuestionViewController.swift in Sources */,
				CEECFCFE2268FD650090506E /* ResultsViewController.swift in Sources */,
			);
			runOnlyForDeploymentPostprocessing = 0;
		};
		CE37AEFA226639BD00F411B8 /* Sources */ = {
			isa = PBXSourcesBuildPhase;
			buildActionMask = 2147483647;
			files = (
				CE37AF03226639BD00F411B8 /* PersonalityQuizTests.swift in Sources */,
			);
			runOnlyForDeploymentPostprocessing = 0;
		};
		CE37AF05226639BD00F411B8 /* Sources */ = {
			isa = PBXSourcesBuildPhase;
			buildActionMask = 2147483647;
			files = (
				CE37AF0E226639BD00F411B8 /* PersonalityQuizUITests.swift in Sources */,
			);
			runOnlyForDeploymentPostprocessing = 0;
		};
/* End PBXSourcesBuildPhase section */

/* Begin PBXTargetDependency section */
		CE37AF00226639BD00F411B8 /* PBXTargetDependency */ = {
			isa = PBXTargetDependency;
			target = CE37AEE9226639BC00F411B8 /* PersonalityQuiz */;
			targetProxy = CE37AEFF226639BD00F411B8 /* PBXContainerItemProxy */;
		};
		CE37AF0B226639BD00F411B8 /* PBXTargetDependency */ = {
			isa = PBXTargetDependency;
			target = CE37AEE9226639BC00F411B8 /* PersonalityQuiz */;
			targetProxy = CE37AF0A226639BD00F411B8 /* PBXContainerItemProxy */;
		};
/* End PBXTargetDependency section */

/* Begin PBXVariantGroup section */
		CE37AEF1226639BC00F411B8 /* Main.storyboard */ = {
			isa = PBXVariantGroup;
			children = (
				CE37AEF2226639BC00F411B8 /* Base */,
			);
			name = Main.storyboard;
			sourceTree = "<group>";
		};
		CE37AEF6226639BD00F411B8 /* LaunchScreen.storyboard */ = {
			isa = PBXVariantGroup;
			children = (
				CE37AEF7226639BD00F411B8 /* Base */,
			);
			name = LaunchScreen.storyboard;
			sourceTree = "<group>";
		};
/* End PBXVariantGroup section */

/* Begin XCBuildConfiguration section */
		CE37AF10226639BD00F411B8 /* Debug */ = {
			isa = XCBuildConfiguration;
			buildSettings = {
				ALWAYS_SEARCH_USER_PATHS = NO;
				CLANG_ANALYZER_NONNULL = YES;
				CLANG_ANALYZER_NUMBER_OBJECT_CONVERSION = YES_AGGRESSIVE;
				CLANG_CXX_LANGUAGE_STANDARD = "gnu++14";
				CLANG_CXX_LIBRARY = "libc++";
				CLANG_ENABLE_MODULES = YES;
				CLANG_ENABLE_OBJC_ARC = YES;
				CLANG_ENABLE_OBJC_WEAK = YES;
				CLANG_WARN_BLOCK_CAPTURE_AUTORELEASING = YES;
				CLANG_WARN_BOOL_CONVERSION = YES;
				CLANG_WARN_COMMA = YES;
				CLANG_WARN_CONSTANT_CONVERSION = YES;
				CLANG_WARN_DEPRECATED_OBJC_IMPLEMENTATIONS = YES;
				CLANG_WARN_DIRECT_OBJC_ISA_USAGE = YES_ERROR;
				CLANG_WARN_DOCUMENTATION_COMMENTS = YES;
				CLANG_WARN_EMPTY_BODY = YES;
				CLANG_WARN_ENUM_CONVERSION = YES;
				CLANG_WARN_INFINITE_RECURSION = YES;
				CLANG_WARN_INT_CONVERSION = YES;
				CLANG_WARN_NON_LITERAL_NULL_CONVERSION = YES;
				CLANG_WARN_OBJC_IMPLICIT_RETAIN_SELF = YES;
				CLANG_WARN_OBJC_LITERAL_CONVERSION = YES;
				CLANG_WARN_OBJC_ROOT_CLASS = YES_ERROR;
				CLANG_WARN_RANGE_LOOP_ANALYSIS = YES;
				CLANG_WARN_STRICT_PROTOTYPES = YES;
				CLANG_WARN_SUSPICIOUS_MOVE = YES;
				CLANG_WARN_UNGUARDED_AVAILABILITY = YES_AGGRESSIVE;
				CLANG_WARN_UNREACHABLE_CODE = YES;
				CLANG_WARN__DUPLICATE_METHOD_MATCH = YES;
				CODE_SIGN_IDENTITY = "iPhone Developer";
				COPY_PHASE_STRIP = NO;
				DEBUG_INFORMATION_FORMAT = dwarf;
				ENABLE_STRICT_OBJC_MSGSEND = YES;
				ENABLE_TESTABILITY = YES;
				GCC_C_LANGUAGE_STANDARD = gnu11;
				GCC_DYNAMIC_NO_PIC = NO;
				GCC_NO_COMMON_BLOCKS = YES;
				GCC_OPTIMIZATION_LEVEL = 0;
				GCC_PREPROCESSOR_DEFINITIONS = (
					"DEBUG=1",
					"$(inherited)",
				);
				GCC_WARN_64_TO_32_BIT_CONVERSION = YES;
				GCC_WARN_ABOUT_RETURN_TYPE = YES_ERROR;
				GCC_WARN_UNDECLARED_SELECTOR = YES;
				GCC_WARN_UNINITIALIZED_AUTOS = YES_AGGRESSIVE;
				GCC_WARN_UNUSED_FUNCTION = YES;
				GCC_WARN_UNUSED_VARIABLE = YES;
				IPHONEOS_DEPLOYMENT_TARGET = 12.1;
				MTL_ENABLE_DEBUG_INFO = INCLUDE_SOURCE;
				MTL_FAST_MATH = YES;
				ONLY_ACTIVE_ARCH = YES;
				SDKROOT = iphoneos;
				SWIFT_ACTIVE_COMPILATION_CONDITIONS = DEBUG;
				SWIFT_OPTIMIZATION_LEVEL = "-Onone";
			};
			name = Debug;
		};
		CE37AF11226639BD00F411B8 /* Release */ = {
			isa = XCBuildConfiguration;
			buildSettings = {
				ALWAYS_SEARCH_USER_PATHS = NO;
				CLANG_ANALYZER_NONNULL = YES;
				CLANG_ANALYZER_NUMBER_OBJECT_CONVERSION = YES_AGGRESSIVE;
				CLANG_CXX_LANGUAGE_STANDARD = "gnu++14";
				CLANG_CXX_LIBRARY = "libc++";
				CLANG_ENABLE_MODULES = YES;
				CLANG_ENABLE_OBJC_ARC = YES;
				CLANG_ENABLE_OBJC_WEAK = YES;
				CLANG_WARN_BLOCK_CAPTURE_AUTORELEASING = YES;
				CLANG_WARN_BOOL_CONVERSION = YES;
				CLANG_WARN_COMMA = YES;
				CLANG_WARN_CONSTANT_CONVERSION = YES;
				CLANG_WARN_DEPRECATED_OBJC_IMPLEMENTATIONS = YES;
				CLANG_WARN_DIRECT_OBJC_ISA_USAGE = YES_ERROR;
				CLANG_WARN_DOCUMENTATION_COMMENTS = YES;
				CLANG_WARN_EMPTY_BODY = YES;
				CLANG_WARN_ENUM_CONVERSION = YES;
				CLANG_WARN_INFINITE_RECURSION = YES;
				CLANG_WARN_INT_CONVERSION = YES;
				CLANG_WARN_NON_LITERAL_NULL_CONVERSION = YES;
				CLANG_WARN_OBJC_IMPLICIT_RETAIN_SELF = YES;
				CLANG_WARN_OBJC_LITERAL_CONVERSION = YES;
				CLANG_WARN_OBJC_ROOT_CLASS = YES_ERROR;
				CLANG_WARN_RANGE_LOOP_ANALYSIS = YES;
				CLANG_WARN_STRICT_PROTOTYPES = YES;
				CLANG_WARN_SUSPICIOUS_MOVE = YES;
				CLANG_WARN_UNGUARDED_AVAILABILITY = YES_AGGRESSIVE;
				CLANG_WARN_UNREACHABLE_CODE = YES;
				CLANG_WARN__DUPLICATE_METHOD_MATCH = YES;
				CODE_SIGN_IDENTITY = "iPhone Developer";
				COPY_PHASE_STRIP = NO;
				DEBUG_INFORMATION_FORMAT = "dwarf-with-dsym";
				ENABLE_NS_ASSERTIONS = NO;
				ENABLE_STRICT_OBJC_MSGSEND = YES;
				GCC_C_LANGUAGE_STANDARD = gnu11;
				GCC_NO_COMMON_BLOCKS = YES;
				GCC_WARN_64_TO_32_BIT_CONVERSION = YES;
				GCC_WARN_ABOUT_RETURN_TYPE = YES_ERROR;
				GCC_WARN_UNDECLARED_SELECTOR = YES;
				GCC_WARN_UNINITIALIZED_AUTOS = YES_AGGRESSIVE;
				GCC_WARN_UNUSED_FUNCTION = YES;
				GCC_WARN_UNUSED_VARIABLE = YES;
				IPHONEOS_DEPLOYMENT_TARGET = 12.1;
				MTL_ENABLE_DEBUG_INFO = NO;
				MTL_FAST_MATH = YES;
				SDKROOT = iphoneos;
				SWIFT_COMPILATION_MODE = wholemodule;
				SWIFT_OPTIMIZATION_LEVEL = "-O";
				VALIDATE_PRODUCT = YES;
			};
			name = Release;
		};
		CE37AF13226639BD00F411B8 /* Debug */ = {
			isa = XCBuildConfiguration;
			buildSettings = {
				ASSETCATALOG_COMPILER_APPICON_NAME = AppIcon;
				CODE_SIGN_STYLE = Automatic;
				INFOPLIST_FILE = PersonalityQuiz/Info.plist;
				LD_RUNPATH_SEARCH_PATHS = (
					"$(inherited)",
					"@executable_path/Frameworks",
				);
				PRODUCT_BUNDLE_IDENTIFIER = org.ssfs.PersonalityQuiz;
				PRODUCT_NAME = "$(TARGET_NAME)";
				SWIFT_VERSION = 4.2;
				TARGETED_DEVICE_FAMILY = "1,2";
			};
			name = Debug;
		};
		CE37AF14226639BD00F411B8 /* Release */ = {
			isa = XCBuildConfiguration;
			buildSettings = {
				ASSETCATALOG_COMPILER_APPICON_NAME = AppIcon;
				CODE_SIGN_STYLE = Automatic;
				INFOPLIST_FILE = PersonalityQuiz/Info.plist;
				LD_RUNPATH_SEARCH_PATHS = (
					"$(inherited)",
					"@executable_path/Frameworks",
				);
				PRODUCT_BUNDLE_IDENTIFIER = org.ssfs.PersonalityQuiz;
				PRODUCT_NAME = "$(TARGET_NAME)";
				SWIFT_VERSION = 4.2;
				TARGETED_DEVICE_FAMILY = "1,2";
			};
			name = Release;
		};
		CE37AF16226639BD00F411B8 /* Debug */ = {
			isa = XCBuildConfiguration;
			buildSettings = {
				ALWAYS_EMBED_SWIFT_STANDARD_LIBRARIES = YES;
				BUNDLE_LOADER = "$(TEST_HOST)";
				CODE_SIGN_STYLE = Automatic;
				INFOPLIST_FILE = PersonalityQuizTests/Info.plist;
				LD_RUNPATH_SEARCH_PATHS = (
					"$(inherited)",
					"@executable_path/Frameworks",
					"@loader_path/Frameworks",
				);
				PRODUCT_BUNDLE_IDENTIFIER = org.ssfs.PersonalityQuizTests;
				PRODUCT_NAME = "$(TARGET_NAME)";
				SWIFT_VERSION = 4.2;
				TARGETED_DEVICE_FAMILY = "1,2";
				TEST_HOST = "$(BUILT_PRODUCTS_DIR)/PersonalityQuiz.app/PersonalityQuiz";
			};
			name = Debug;
		};
		CE37AF17226639BD00F411B8 /* Release */ = {
			isa = XCBuildConfiguration;
			buildSettings = {
				ALWAYS_EMBED_SWIFT_STANDARD_LIBRARIES = YES;
				BUNDLE_LOADER = "$(TEST_HOST)";
				CODE_SIGN_STYLE = Automatic;
				INFOPLIST_FILE = PersonalityQuizTests/Info.plist;
				LD_RUNPATH_SEARCH_PATHS = (
					"$(inherited)",
					"@executable_path/Frameworks",
					"@loader_path/Frameworks",
				);
				PRODUCT_BUNDLE_IDENTIFIER = org.ssfs.PersonalityQuizTests;
				PRODUCT_NAME = "$(TARGET_NAME)";
				SWIFT_VERSION = 4.2;
				TARGETED_DEVICE_FAMILY = "1,2";
				TEST_HOST = "$(BUILT_PRODUCTS_DIR)/PersonalityQuiz.app/PersonalityQuiz";
			};
			name = Release;
		};
		CE37AF19226639BD00F411B8 /* Debug */ = {
			isa = XCBuildConfiguration;
			buildSettings = {
				ALWAYS_EMBED_SWIFT_STANDARD_LIBRARIES = YES;
				CODE_SIGN_STYLE = Automatic;
				INFOPLIST_FILE = PersonalityQuizUITests/Info.plist;
				LD_RUNPATH_SEARCH_PATHS = (
					"$(inherited)",
					"@executable_path/Frameworks",
					"@loader_path/Frameworks",
				);
				PRODUCT_BUNDLE_IDENTIFIER = org.ssfs.PersonalityQuizUITests;
				PRODUCT_NAME = "$(TARGET_NAME)";
				SWIFT_VERSION = 4.2;
				TARGETED_DEVICE_FAMILY = "1,2";
				TEST_TARGET_NAME = PersonalityQuiz;
			};
			name = Debug;
		};
		CE37AF1A226639BD00F411B8 /* Release */ = {
			isa = XCBuildConfiguration;
			buildSettings = {
				ALWAYS_EMBED_SWIFT_STANDARD_LIBRARIES = YES;
				CODE_SIGN_STYLE = Automatic;
				INFOPLIST_FILE = PersonalityQuizUITests/Info.plist;
				LD_RUNPATH_SEARCH_PATHS = (
					"$(inherited)",
					"@executable_path/Frameworks",
					"@loader_path/Frameworks",
				);
				PRODUCT_BUNDLE_IDENTIFIER = org.ssfs.PersonalityQuizUITests;
				PRODUCT_NAME = "$(TARGET_NAME)";
				SWIFT_VERSION = 4.2;
				TARGETED_DEVICE_FAMILY = "1,2";
				TEST_TARGET_NAME = PersonalityQuiz;
			};
			name = Release;
		};
/* End XCBuildConfiguration section */

/* Begin XCConfigurationList section */
		CE37AEE5226639BC00F411B8 /* Build configuration list for PBXProject "PersonalityQuiz" */ = {
			isa = XCConfigurationList;
			buildConfigurations = (
				CE37AF10226639BD00F411B8 /* Debug */,
				CE37AF11226639BD00F411B8 /* Release */,
			);
			defaultConfigurationIsVisible = 0;
			defaultConfigurationName = Release;
		};
		CE37AF12226639BD00F411B8 /* Build configuration list for PBXNativeTarget "PersonalityQuiz" */ = {
			isa = XCConfigurationList;
			buildConfigurations = (
				CE37AF13226639BD00F411B8 /* Debug */,
				CE37AF14226639BD00F411B8 /* Release */,
			);
			defaultConfigurationIsVisible = 0;
			defaultConfigurationName = Release;
		};
		CE37AF15226639BD00F411B8 /* Build configuration list for PBXNativeTarget "PersonalityQuizTests" */ = {
			isa = XCConfigurationList;
			buildConfigurations = (
				CE37AF16226639BD00F411B8 /* Debug */,
				CE37AF17226639BD00F411B8 /* Release */,
			);
			defaultConfigurationIsVisible = 0;
			defaultConfigurationName = Release;
		};
		CE37AF18226639BD00F411B8 /* Build configuration list for PBXNativeTarget "PersonalityQuizUITests" */ = {
			isa = XCConfigurationList;
			buildConfigurations = (
				CE37AF19226639BD00F411B8 /* Debug */,
				CE37AF1A226639BD00F411B8 /* Release */,
			);
			defaultConfigurationIsVisible = 0;
			defaultConfigurationName = Release;
		};
/* End XCConfigurationList section */
	};
	rootObject = CE37AEE2226639BC00F411B8 /* Project object */;
}
