// !$*UTF8*$!
{
	archiveVersion = 1;
	classes = {
	};
	objectVersion = 50;
	objects = {

/* Begin PBXBuildFile section */
		CE105D5A2239766A00F77C63 /* Game.swift in Sources */ = {isa = PBXBuildFile; fileRef = CE105D592239766A00F77C63 /* Game.swift */; };
		CE2AA8742236B29B0005984E /* AppDelegate.swift in Sources */ = {isa = PBXBuildFile; fileRef = CE2AA8732236B29B0005984E /* AppDelegate.swift */; };
		CE2AA8762236B29B0005984E /* ViewController.swift in Sources */ = {isa = PBXBuildFile; fileRef = CE2AA8752236B29B0005984E /* ViewController.swift */; };
		CE2AA8792236B29B0005984E /* Main.storyboard in Resources */ = {isa = PBXBuildFile; fileRef = CE2AA8772236B29B0005984E /* Main.storyboard */; };
		CE2AA87B2236B29C0005984E /* Assets.xcassets in Resources */ = {isa = PBXBuildFile; fileRef = CE2AA87A2236B29C0005984E /* Assets.xcassets */; };
		CE2AA87E2236B29C0005984E /* LaunchScreen.storyboard in Resources */ = {isa = PBXBuildFile; fileRef = CE2AA87C2236B29C0005984E /* LaunchScreen.storyboard */; };
		CE2AA8892236B29C0005984E /* ApplePieTests.swift in Sources */ = {isa = PBXBuildFile; fileRef = CE2AA8882236B29C0005984E /* ApplePieTests.swift */; };
		CE2AA8942236B29C0005984E /* ApplePieUITests.swift in Sources */ = {isa = PBXBuildFile; fileRef = CE2AA8932236B29C0005984E /* ApplePieUITests.swift */; };
/* End PBXBuildFile section */

/* Begin PBXContainerItemProxy section */
		CE2AA8852236B29C0005984E /* PBXContainerItemProxy */ = {
			isa = PBXContainerItemProxy;
			containerPortal = CE2AA8682236B29B0005984E /* Project object */;
			proxyType = 1;
			remoteGlobalIDString = CE2AA86F2236B29B0005984E;
			remoteInfo = ApplePie;
		};
		CE2AA8902236B29C0005984E /* PBXContainerItemProxy */ = {
			isa = PBXContainerItemProxy;
			containerPortal = CE2AA8682236B29B0005984E /* Project object */;
			proxyType = 1;
			remoteGlobalIDString = CE2AA86F2236B29B0005984E;
			remoteInfo = ApplePie;
		};
/* End PBXContainerItemProxy section */

/* Begin PBXFileReference section */
		CE105D592239766A00F77C63 /* Game.swift */ = {isa = PBXFileReference; lastKnownFileType = sourcecode.swift; path = Game.swift; sourceTree = "<group>"; };
		CE2AA8702236B29B0005984E /* ApplePie.app */ = {isa = PBXFileReference; explicitFileType = wrapper.application; includeInIndex = 0; path = ApplePie.app; sourceTree = BUILT_PRODUCTS_DIR; };
		CE2AA8732236B29B0005984E /* AppDelegate.swift */ = {isa = PBXFileReference; lastKnownFileType = sourcecode.swift; path = AppDelegate.swift; sourceTree = "<group>"; };
		CE2AA8752236B29B0005984E /* ViewController.swift */ = {isa = PBXFileReference; lastKnownFileType = sourcecode.swift; path = ViewController.swift; sourceTree = "<group>"; };
		CE2AA8782236B29B0005984E /* Base */ = {isa = PBXFileReference; lastKnownFileType = file.storyboard; name = Base; path = Base.lproj/Main.storyboard; sourceTree = "<group>"; };
		CE2AA87A2236B29C0005984E /* Assets.xcassets */ = {isa = PBXFileReference; lastKnownFileType = folder.assetcatalog; path = Assets.xcassets; sourceTree = "<group>"; };
		CE2AA87D2236B29C0005984E /* Base */ = {isa = PBXFileReference; lastKnownFileType = file.storyboard; name = Base; path = Base.lproj/LaunchScreen.storyboard; sourceTree = "<group>"; };
		CE2AA87F2236B29C0005984E /* Info.plist */ = {isa = PBXFileReference; lastKnownFileType = text.plist.xml; path = Info.plist; sourceTree = "<group>"; };
		CE2AA8842236B29C0005984E /* ApplePieTests.xctest */ = {isa = PBXFileReference; explicitFileType = wrapper.cfbundle; includeInIndex = 0; path = ApplePieTests.xctest; sourceTree = BUILT_PRODUCTS_DIR; };
		CE2AA8882236B29C0005984E /* ApplePieTests.swift */ = {isa = PBXFileReference; lastKnownFileType = sourcecode.swift; path = ApplePieTests.swift; sourceTree = "<group>"; };
		CE2AA88A2236B29C0005984E /* Info.plist */ = {isa = PBXFileReference; lastKnownFileType = text.plist.xml; path = Info.plist; sourceTree = "<group>"; };
		CE2AA88F2236B29C0005984E /* ApplePieUITests.xctest */ = {isa = PBXFileReference; explicitFileType = wrapper.cfbundle; includeInIndex = 0; path = ApplePieUITests.xctest; sourceTree = BUILT_PRODUCTS_DIR; };
		CE2AA8932236B29C0005984E /* ApplePieUITests.swift */ = {isa = PBXFileReference; lastKnownFileType = sourcecode.swift; path = ApplePieUITests.swift; sourceTree = "<group>"; };
		CE2AA8952236B29C0005984E /* Info.plist */ = {isa = PBXFileReference; lastKnownFileType = text.plist.xml; path = Info.plist; sourceTree = "<group>"; };
/* End PBXFileReference section */

/* Begin PBXFrameworksBuildPhase section */
		CE2AA86D2236B29B0005984E /* Frameworks */ = {
			isa = PBXFrameworksBuildPhase;
			buildActionMask = 2147483647;
			files = (
			);
			runOnlyForDeploymentPostprocessing = 0;
		};
		CE2AA8812236B29C0005984E /* Frameworks */ = {
			isa = PBXFrameworksBuildPhase;
			buildActionMask = 2147483647;
			files = (
			);
			runOnlyForDeploymentPostprocessing = 0;
		};
		CE2AA88C2236B29C0005984E /* Frameworks */ = {
			isa = PBXFrameworksBuildPhase;
			buildActionMask = 2147483647;
			files = (
			);
			runOnlyForDeploymentPostprocessing = 0;
		};
/* End PBXFrameworksBuildPhase section */

/* Begin PBXGroup section */
		CE2AA8672236B29B0005984E = {
			isa = PBXGroup;
			children = (
				CE2AA8722236B29B0005984E /* ApplePie */,
				CE2AA8872236B29C0005984E /* ApplePieTests */,
				CE2AA8922236B29C0005984E /* ApplePieUITests */,
				CE2AA8712236B29B0005984E /* Products */,
			);
			sourceTree = "<group>";
		};
		CE2AA8712236B29B0005984E /* Products */ = {
			isa = PBXGroup;
			children = (
				CE2AA8702236B29B0005984E /* ApplePie.app */,
				CE2AA8842236B29C0005984E /* ApplePieTests.xctest */,
				CE2AA88F2236B29C0005984E /* ApplePieUITests.xctest */,
			);
			name = Products;
			sourceTree = "<group>";
		};
		CE2AA8722236B29B0005984E /* ApplePie */ = {
			isa = PBXGroup;
			children = (
				CE2AA8732236B29B0005984E /* AppDelegate.swift */,
				CE2AA8752236B29B0005984E /* ViewController.swift */,
				CE2AA8772236B29B0005984E /* Main.storyboard */,
				CE2AA87A2236B29C0005984E /* Assets.xcassets */,
				CE2AA87C2236B29C0005984E /* LaunchScreen.storyboard */,
				CE2AA87F2236B29C0005984E /* Info.plist */,
				CE105D592239766A00F77C63 /* Game.swift */,
			);
			path = ApplePie;
			sourceTree = "<group>";
		};
		CE2AA8872236B29C0005984E /* ApplePieTests */ = {
			isa = PBXGroup;
			children = (
				CE2AA8882236B29C0005984E /* ApplePieTests.swift */,
				CE2AA88A2236B29C0005984E /* Info.plist */,
			);
			path = ApplePieTests;
			sourceTree = "<group>";
		};
		CE2AA8922236B29C0005984E /* ApplePieUITests */ = {
			isa = PBXGroup;
			children = (
				CE2AA8932236B29C0005984E /* ApplePieUITests.swift */,
				CE2AA8952236B29C0005984E /* Info.plist */,
			);
			path = ApplePieUITests;
			sourceTree = "<group>";
		};
/* End PBXGroup section */

/* Begin PBXNativeTarget section */
		CE2AA86F2236B29B0005984E /* ApplePie */ = {
			isa = PBXNativeTarget;
			buildConfigurationList = CE2AA8982236B29C0005984E /* Build configuration list for PBXNativeTarget "ApplePie" */;
			buildPhases = (
				CE2AA86C2236B29B0005984E /* Sources */,
				CE2AA86D2236B29B0005984E /* Frameworks */,
				CE2AA86E2236B29B0005984E /* Resources */,
			);
			buildRules = (
			);
			dependencies = (
			);
			name = ApplePie;
			productName = ApplePie;
			productReference = CE2AA8702236B29B0005984E /* ApplePie.app */;
			productType = "com.apple.product-type.application";
		};
		CE2AA8832236B29C0005984E /* ApplePieTests */ = {
			isa = PBXNativeTarget;
			buildConfigurationList = CE2AA89B2236B29C0005984E /* Build configuration list for PBXNativeTarget "ApplePieTests" */;
			buildPhases = (
				CE2AA8802236B29C0005984E /* Sources */,
				CE2AA8812236B29C0005984E /* Frameworks */,
				CE2AA8822236B29C0005984E /* Resources */,
			);
			buildRules = (
			);
			dependencies = (
				CE2AA8862236B29C0005984E /* PBXTargetDependency */,
			);
			name = ApplePieTests;
			productName = ApplePieTests;
			productReference = CE2AA8842236B29C0005984E /* ApplePieTests.xctest */;
			productType = "com.apple.product-type.bundle.unit-test";
		};
		CE2AA88E2236B29C0005984E /* ApplePieUITests */ = {
			isa = PBXNativeTarget;
			buildConfigurationList = CE2AA89E2236B29C0005984E /* Build configuration list for PBXNativeTarget "ApplePieUITests" */;
			buildPhases = (
				CE2AA88B2236B29C0005984E /* Sources */,
				CE2AA88C2236B29C0005984E /* Frameworks */,
				CE2AA88D2236B29C0005984E /* Resources */,
			);
			buildRules = (
			);
			dependencies = (
				CE2AA8912236B29C0005984E /* PBXTargetDependency */,
			);
			name = ApplePieUITests;
			productName = ApplePieUITests;
			productReference = CE2AA88F2236B29C0005984E /* ApplePieUITests.xctest */;
			productType = "com.apple.product-type.bundle.ui-testing";
		};
/* End PBXNativeTarget section */

/* Begin PBXProject section */
		CE2AA8682236B29B0005984E /* Project object */ = {
			isa = PBXProject;
			attributes = {
				LastSwiftUpdateCheck = 1010;
				LastUpgradeCheck = 1010;
				ORGANIZATIONNAME = "Min Woo";
				TargetAttributes = {
					CE2AA86F2236B29B0005984E = {
						CreatedOnToolsVersion = 10.1;
					};
					CE2AA8832236B29C0005984E = {
						CreatedOnToolsVersion = 10.1;
						TestTargetID = CE2AA86F2236B29B0005984E;
					};
					CE2AA88E2236B29C0005984E = {
						CreatedOnToolsVersion = 10.1;
						TestTargetID = CE2AA86F2236B29B0005984E;
					};
				};
			};
			buildConfigurationList = CE2AA86B2236B29B0005984E /* Build configuration list for PBXProject "ApplePie" */;
			compatibilityVersion = "Xcode 9.3";
			developmentRegion = en;
			hasScannedForEncodings = 0;
			knownRegions = (
				en,
				Base,
			);
			mainGroup = CE2AA8672236B29B0005984E;
			productRefGroup = CE2AA8712236B29B0005984E /* Products */;
			projectDirPath = "";
			projectRoot = "";
			targets = (
				CE2AA86F2236B29B0005984E /* ApplePie */,
				CE2AA8832236B29C0005984E /* ApplePieTests */,
				CE2AA88E2236B29C0005984E /* ApplePieUITests */,
			);
		};
/* End PBXProject section */

/* Begin PBXResourcesBuildPhase section */
		CE2AA86E2236B29B0005984E /* Resources */ = {
			isa = PBXResourcesBuildPhase;
			buildActionMask = 2147483647;
			files = (
				CE2AA87E2236B29C0005984E /* LaunchScreen.storyboard in Resources */,
				CE2AA87B2236B29C0005984E /* Assets.xcassets in Resources */,
				CE2AA8792236B29B0005984E /* Main.storyboard in Resources */,
			);
			runOnlyForDeploymentPostprocessing = 0;
		};
		CE2AA8822236B29C0005984E /* Resources */ = {
			isa = PBXResourcesBuildPhase;
			buildActionMask = 2147483647;
			files = (
			);
			runOnlyForDeploymentPostprocessing = 0;
		};
		CE2AA88D2236B29C0005984E /* Resources */ = {
			isa = PBXResourcesBuildPhase;
			buildActionMask = 2147483647;
			files = (
			);
			runOnlyForDeploymentPostprocessing = 0;
		};
/* End PBXResourcesBuildPhase section */

/* Begin PBXSourcesBuildPhase section */
		CE2AA86C2236B29B0005984E /* Sources */ = {
			isa = PBXSourcesBuildPhase;
			buildActionMask = 2147483647;
			files = (
				CE2AA8762236B29B0005984E /* ViewController.swift in Sources */,
				CE105D5A2239766A00F77C63 /* Game.swift in Sources */,
				CE2AA8742236B29B0005984E /* AppDelegate.swift in Sources */,
			);
			runOnlyForDeploymentPostprocessing = 0;
		};
		CE2AA8802236B29C0005984E /* Sources */ = {
			isa = PBXSourcesBuildPhase;
			buildActionMask = 2147483647;
			files = (
				CE2AA8892236B29C0005984E /* ApplePieTests.swift in Sources */,
			);
			runOnlyForDeploymentPostprocessing = 0;
		};
		CE2AA88B2236B29C0005984E /* Sources */ = {
			isa = PBXSourcesBuildPhase;
			buildActionMask = 2147483647;
			files = (
				CE2AA8942236B29C0005984E /* ApplePieUITests.swift in Sources */,
			);
			runOnlyForDeploymentPostprocessing = 0;
		};
/* End PBXSourcesBuildPhase section */

/* Begin PBXTargetDependency section */
		CE2AA8862236B29C0005984E /* PBXTargetDependency */ = {
			isa = PBXTargetDependency;
			target = CE2AA86F2236B29B0005984E /* ApplePie */;
			targetProxy = CE2AA8852236B29C0005984E /* PBXContainerItemProxy */;
		};
		CE2AA8912236B29C0005984E /* PBXTargetDependency */ = {
			isa = PBXTargetDependency;
			target = CE2AA86F2236B29B0005984E /* ApplePie */;
			targetProxy = CE2AA8902236B29C0005984E /* PBXContainerItemProxy */;
		};
/* End PBXTargetDependency section */

/* Begin PBXVariantGroup section */
		CE2AA8772236B29B0005984E /* Main.storyboard */ = {
			isa = PBXVariantGroup;
			children = (
				CE2AA8782236B29B0005984E /* Base */,
			);
			name = Main.storyboard;
			sourceTree = "<group>";
		};
		CE2AA87C2236B29C0005984E /* LaunchScreen.storyboard */ = {
			isa = PBXVariantGroup;
			children = (
				CE2AA87D2236B29C0005984E /* Base */,
			);
			name = LaunchScreen.storyboard;
			sourceTree = "<group>";
		};
/* End PBXVariantGroup section */

/* Begin XCBuildConfiguration section */
		CE2AA8962236B29C0005984E /* Debug */ = {
			isa = XCBuildConfiguration;
			buildSettings = {
				ALWAYS_SEARCH_USER_PATHS = NO;
				CLANG_ANALYZER_NONNULL = YES;
				CLANG_ANALYZER_NUMBER_OBJECT_CONVERSION = YES_AGGRESSIVE;
				CLANG_CXX_LANGUAGE_STANDARD = "gnu++14";
				CLANG_CXX_LIBRARY = "libc++";
				CLANG_ENABLE_MODULES = YES;
				CLANG_ENABLE_OBJC_ARC = YES;
				CLANG_ENABLE_OBJC_WEAK = YES;
				CLANG_WARN_BLOCK_CAPTURE_AUTORELEASING = YES;
				CLANG_WARN_BOOL_CONVERSION = YES;
				CLANG_WARN_COMMA = YES;
				CLANG_WARN_CONSTANT_CONVERSION = YES;
				CLANG_WARN_DEPRECATED_OBJC_IMPLEMENTATIONS = YES;
				CLANG_WARN_DIRECT_OBJC_ISA_USAGE = YES_ERROR;
				CLANG_WARN_DOCUMENTATION_COMMENTS = YES;
				CLANG_WARN_EMPTY_BODY = YES;
				CLANG_WARN_ENUM_CONVERSION = YES;
				CLANG_WARN_INFINITE_RECURSION = YES;
				CLANG_WARN_INT_CONVERSION = YES;
				CLANG_WARN_NON_LITERAL_NULL_CONVERSION = YES;
				CLANG_WARN_OBJC_IMPLICIT_RETAIN_SELF = YES;
				CLANG_WARN_OBJC_LITERAL_CONVERSION = YES;
				CLANG_WARN_OBJC_ROOT_CLASS = YES_ERROR;
				CLANG_WARN_RANGE_LOOP_ANALYSIS = YES;
				CLANG_WARN_STRICT_PROTOTYPES = YES;
				CLANG_WARN_SUSPICIOUS_MOVE = YES;
				CLANG_WARN_UNGUARDED_AVAILABILITY = YES_AGGRESSIVE;
				CLANG_WARN_UNREACHABLE_CODE = YES;
				CLANG_WARN__DUPLICATE_METHOD_MATCH = YES;
				CODE_SIGN_IDENTITY = "iPhone Developer";
				COPY_PHASE_STRIP = NO;
				DEBUG_INFORMATION_FORMAT = dwarf;
				ENABLE_STRICT_OBJC_MSGSEND = YES;
				ENABLE_TESTABILITY = YES;
				GCC_C_LANGUAGE_STANDARD = gnu11;
				GCC_DYNAMIC_NO_PIC = NO;
				GCC_NO_COMMON_BLOCKS = YES;
				GCC_OPTIMIZATION_LEVEL = 0;
				GCC_PREPROCESSOR_DEFINITIONS = (
					"DEBUG=1",
					"$(inherited)",
				);
				GCC_WARN_64_TO_32_BIT_CONVERSION = YES;
				GCC_WARN_ABOUT_RETURN_TYPE = YES_ERROR;
				GCC_WARN_UNDECLARED_SELECTOR = YES;
				GCC_WARN_UNINITIALIZED_AUTOS = YES_AGGRESSIVE;
				GCC_WARN_UNUSED_FUNCTION = YES;
				GCC_WARN_UNUSED_VARIABLE = YES;
				IPHONEOS_DEPLOYMENT_TARGET = 12.1;
				MTL_ENABLE_DEBUG_INFO = INCLUDE_SOURCE;
				MTL_FAST_MATH = YES;
				ONLY_ACTIVE_ARCH = YES;
				SDKROOT = iphoneos;
				SWIFT_ACTIVE_COMPILATION_CONDITIONS = DEBUG;
				SWIFT_OPTIMIZATION_LEVEL = "-Onone";
			};
			name = Debug;
		};
		CE2AA8972236B29C0005984E /* Release */ = {
			isa = XCBuildConfiguration;
			buildSettings = {
				ALWAYS_SEARCH_USER_PATHS = NO;
				CLANG_ANALYZER_NONNULL = YES;
				CLANG_ANALYZER_NUMBER_OBJECT_CONVERSION = YES_AGGRESSIVE;
				CLANG_CXX_LANGUAGE_STANDARD = "gnu++14";
				CLANG_CXX_LIBRARY = "libc++";
				CLANG_ENABLE_MODULES = YES;
				CLANG_ENABLE_OBJC_ARC = YES;
				CLANG_ENABLE_OBJC_WEAK = YES;
				CLANG_WARN_BLOCK_CAPTURE_AUTORELEASING = YES;
				CLANG_WARN_BOOL_CONVERSION = YES;
				CLANG_WARN_COMMA = YES;
				CLANG_WARN_CONSTANT_CONVERSION = YES;
				CLANG_WARN_DEPRECATED_OBJC_IMPLEMENTATIONS = YES;
				CLANG_WARN_DIRECT_OBJC_ISA_USAGE = YES_ERROR;
				CLANG_WARN_DOCUMENTATION_COMMENTS = YES;
				CLANG_WARN_EMPTY_BODY = YES;
				CLANG_WARN_ENUM_CONVERSION = YES;
				CLANG_WARN_INFINITE_RECURSION = YES;
				CLANG_WARN_INT_CONVERSION = YES;
				CLANG_WARN_NON_LITERAL_NULL_CONVERSION = YES;
				CLANG_WARN_OBJC_IMPLICIT_RETAIN_SELF = YES;
				CLANG_WARN_OBJC_LITERAL_CONVERSION = YES;
				CLANG_WARN_OBJC_ROOT_CLASS = YES_ERROR;
				CLANG_WARN_RANGE_LOOP_ANALYSIS = YES;
				CLANG_WARN_STRICT_PROTOTYPES = YES;
				CLANG_WARN_SUSPICIOUS_MOVE = YES;
				CLANG_WARN_UNGUARDED_AVAILABILITY = YES_AGGRESSIVE;
				CLANG_WARN_UNREACHABLE_CODE = YES;
				CLANG_WARN__DUPLICATE_METHOD_MATCH = YES;
				CODE_SIGN_IDENTITY = "iPhone Developer";
				COPY_PHASE_STRIP = NO;
				DEBUG_INFORMATION_FORMAT = "dwarf-with-dsym";
				ENABLE_NS_ASSERTIONS = NO;
				ENABLE_STRICT_OBJC_MSGSEND = YES;
				GCC_C_LANGUAGE_STANDARD = gnu11;
				GCC_NO_COMMON_BLOCKS = YES;
				GCC_WARN_64_TO_32_BIT_CONVERSION = YES;
				GCC_WARN_ABOUT_RETURN_TYPE = YES_ERROR;
				GCC_WARN_UNDECLARED_SELECTOR = YES;
				GCC_WARN_UNINITIALIZED_AUTOS = YES_AGGRESSIVE;
				GCC_WARN_UNUSED_FUNCTION = YES;
				GCC_WARN_UNUSED_VARIABLE = YES;
				IPHONEOS_DEPLOYMENT_TARGET = 12.1;
				MTL_ENABLE_DEBUG_INFO = NO;
				MTL_FAST_MATH = YES;
				SDKROOT = iphoneos;
				SWIFT_COMPILATION_MODE = wholemodule;
				SWIFT_OPTIMIZATION_LEVEL = "-O";
				VALIDATE_PRODUCT = YES;
			};
			name = Release;
		};
		CE2AA8992236B29C0005984E /* Debug */ = {
			isa = XCBuildConfiguration;
			buildSettings = {
				ASSETCATALOG_COMPILER_APPICON_NAME = AppIcon;
				CODE_SIGN_STYLE = Automatic;
				INFOPLIST_FILE = ApplePie/Info.plist;
				LD_RUNPATH_SEARCH_PATHS = (
					"$(inherited)",
					"@executable_path/Frameworks",
				);
				PRODUCT_BUNDLE_IDENTIFIER = org.ssfs.ApplePie;
				PRODUCT_NAME = "$(TARGET_NAME)";
				SWIFT_VERSION = 4.2;
				TARGETED_DEVICE_FAMILY = 2;
			};
			name = Debug;
		};
		CE2AA89A2236B29C0005984E /* Release */ = {
			isa = XCBuildConfiguration;
			buildSettings = {
				ASSETCATALOG_COMPILER_APPICON_NAME = AppIcon;
				CODE_SIGN_STYLE = Automatic;
				INFOPLIST_FILE = ApplePie/Info.plist;
				LD_RUNPATH_SEARCH_PATHS = (
					"$(inherited)",
					"@executable_path/Frameworks",
				);
				PRODUCT_BUNDLE_IDENTIFIER = org.ssfs.ApplePie;
				PRODUCT_NAME = "$(TARGET_NAME)";
				SWIFT_VERSION = 4.2;
				TARGETED_DEVICE_FAMILY = 2;
			};
			name = Release;
		};
		CE2AA89C2236B29C0005984E /* Debug */ = {
			isa = XCBuildConfiguration;
			buildSettings = {
				ALWAYS_EMBED_SWIFT_STANDARD_LIBRARIES = YES;
				BUNDLE_LOADER = "$(TEST_HOST)";
				CODE_SIGN_STYLE = Automatic;
				INFOPLIST_FILE = ApplePieTests/Info.plist;
				LD_RUNPATH_SEARCH_PATHS = (
					"$(inherited)",
					"@executable_path/Frameworks",
					"@loader_path/Frameworks",
				);
				PRODUCT_BUNDLE_IDENTIFIER = org.ssfs.ApplePieTests;
				PRODUCT_NAME = "$(TARGET_NAME)";
				SWIFT_VERSION = 4.2;
				TARGETED_DEVICE_FAMILY = "1,2";
				TEST_HOST = "$(BUILT_PRODUCTS_DIR)/ApplePie.app/ApplePie";
			};
			name = Debug;
		};
		CE2AA89D2236B29C0005984E /* Release */ = {
			isa = XCBuildConfiguration;
			buildSettings = {
				ALWAYS_EMBED_SWIFT_STANDARD_LIBRARIES = YES;
				BUNDLE_LOADER = "$(TEST_HOST)";
				CODE_SIGN_STYLE = Automatic;
				INFOPLIST_FILE = ApplePieTests/Info.plist;
				LD_RUNPATH_SEARCH_PATHS = (
					"$(inherited)",
					"@executable_path/Frameworks",
					"@loader_path/Frameworks",
				);
				PRODUCT_BUNDLE_IDENTIFIER = org.ssfs.ApplePieTests;
				PRODUCT_NAME = "$(TARGET_NAME)";
				SWIFT_VERSION = 4.2;
				TARGETED_DEVICE_FAMILY = "1,2";
				TEST_HOST = "$(BUILT_PRODUCTS_DIR)/ApplePie.app/ApplePie";
			};
			name = Release;
		};
		CE2AA89F2236B29C0005984E /* Debug */ = {
			isa = XCBuildConfiguration;
			buildSettings = {
				ALWAYS_EMBED_SWIFT_STANDARD_LIBRARIES = YES;
				CODE_SIGN_STYLE = Automatic;
				INFOPLIST_FILE = ApplePieUITests/Info.plist;
				LD_RUNPATH_SEARCH_PATHS = (
					"$(inherited)",
					"@executable_path/Frameworks",
					"@loader_path/Frameworks",
				);
				PRODUCT_BUNDLE_IDENTIFIER = org.ssfs.ApplePieUITests;
				PRODUCT_NAME = "$(TARGET_NAME)";
				SWIFT_VERSION = 4.2;
				TARGETED_DEVICE_FAMILY = "1,2";
				TEST_TARGET_NAME = ApplePie;
			};
			name = Debug;
		};
		CE2AA8A02236B29C0005984E /* Release */ = {
			isa = XCBuildConfiguration;
			buildSettings = {
				ALWAYS_EMBED_SWIFT_STANDARD_LIBRARIES = YES;
				CODE_SIGN_STYLE = Automatic;
				INFOPLIST_FILE = ApplePieUITests/Info.plist;
				LD_RUNPATH_SEARCH_PATHS = (
					"$(inherited)",
					"@executable_path/Frameworks",
					"@loader_path/Frameworks",
				);
				PRODUCT_BUNDLE_IDENTIFIER = org.ssfs.ApplePieUITests;
				PRODUCT_NAME = "$(TARGET_NAME)";
				SWIFT_VERSION = 4.2;
				TARGETED_DEVICE_FAMILY = "1,2";
				TEST_TARGET_NAME = ApplePie;
			};
			name = Release;
		};
/* End XCBuildConfiguration section */

/* Begin XCConfigurationList section */
		CE2AA86B2236B29B0005984E /* Build configuration list for PBXProject "ApplePie" */ = {
			isa = XCConfigurationList;
			buildConfigurations = (
				CE2AA8962236B29C0005984E /* Debug */,
				CE2AA8972236B29C0005984E /* Release */,
			);
			defaultConfigurationIsVisible = 0;
			defaultConfigurationName = Release;
		};
		CE2AA8982236B29C0005984E /* Build configuration list for PBXNativeTarget "ApplePie" */ = {
			isa = XCConfigurationList;
			buildConfigurations = (
				CE2AA8992236B29C0005984E /* Debug */,
				CE2AA89A2236B29C0005984E /* Release */,
			);
			defaultConfigurationIsVisible = 0;
			defaultConfigurationName = Release;
		};
		CE2AA89B2236B29C0005984E /* Build configuration list for PBXNativeTarget "ApplePieTests" */ = {
			isa = XCConfigurationList;
			buildConfigurations = (
				CE2AA89C2236B29C0005984E /* Debug */,
				CE2AA89D2236B29C0005984E /* Release */,
			);
			defaultConfigurationIsVisible = 0;
			defaultConfigurationName = Release;
		};
		CE2AA89E2236B29C0005984E /* Build configuration list for PBXNativeTarget "ApplePieUITests" */ = {
			isa = XCConfigurationList;
			buildConfigurations = (
				CE2AA89F2236B29C0005984E /* Debug */,
				CE2AA8A02236B29C0005984E /* Release */,
			);
			defaultConfigurationIsVisible = 0;
			defaultConfigurationName = Release;
		};
/* End XCConfigurationList section */
	};
	rootObject = CE2AA8682236B29B0005984E /* Project object */;
}
